// !$*UTF8*$!
{
	archiveVersion = 1;
	classes = {
	};
	objectVersion = 46;
	objects = {

/* Begin PBXBuildFile section */
		3A3D65841A68E05000F3F027 /* main.m in Sources */ = {isa = PBXBuildFile; fileRef = 3A3D65831A68E05000F3F027 /* main.m */; };
		3A3D65871A68E05000F3F027 /* AppDelegate.m in Sources */ = {isa = PBXBuildFile; fileRef = 3A3D65861A68E05000F3F027 /* AppDelegate.m */; };
		3A3D658A1A68E05000F3F027 /* ViewController.m in Sources */ = {isa = PBXBuildFile; fileRef = 3A3D65891A68E05000F3F027 /* ViewController.m */; };
		3A3D658D1A68E05000F3F027 /* Main.storyboard in Resources */ = {isa = PBXBuildFile; fileRef = 3A3D658B1A68E05000F3F027 /* Main.storyboard */; };
		3A3D658F1A68E05000F3F027 /* Images.xcassets in Resources */ = {isa = PBXBuildFile; fileRef = 3A3D658E1A68E05000F3F027 /* Images.xcassets */; };
		3A3D65921A68E05000F3F027 /* LaunchScreen.xib in Resources */ = {isa = PBXBuildFile; fileRef = 3A3D65901A68E05000F3F027 /* LaunchScreen.xib */; };
		3A3D659E1A68E05000F3F027 /* FirstTDDTests.m in Sources */ = {isa = PBXBuildFile; fileRef = 3A3D659D1A68E05000F3F027 /* FirstTDDTests.m */; };
/* End PBXBuildFile section */

/* Begin PBXContainerItemProxy section */
		3A3D65981A68E05000F3F027 /* PBXContainerItemProxy */ = {
			isa = PBXContainerItemProxy;
			containerPortal = 3A3D65761A68E05000F3F027 /* Project object */;
			proxyType = 1;
			remoteGlobalIDString = 3A3D657D1A68E05000F3F027;
			remoteInfo = FirstTDD;
		};
/* End PBXContainerItemProxy section */

/* Begin PBXFileReference section */
		3A3D657E1A68E05000F3F027 /* FirstTDD.app */ = {isa = PBXFileReference; explicitFileType = wrapper.application; includeInIndex = 0; path = FirstTDD.app; sourceTree = BUILT_PRODUCTS_DIR; };
		3A3D65821A68E05000F3F027 /* Info.plist */ = {isa = PBXFileReference; lastKnownFileType = text.plist.xml; path = Info.plist; sourceTree = "<group>"; };
		3A3D65831A68E05000F3F027 /* main.m */ = {isa = PBXFileReference; lastKnownFileType = sourcecode.c.objc; path = main.m; sourceTree = "<group>"; };
		3A3D65851A68E05000F3F027 /* AppDelegate.h */ = {isa = PBXFileReference; lastKnownFileType = sourcecode.c.h; path = AppDelegate.h; sourceTree = "<group>"; };
		3A3D65861A68E05000F3F027 /* AppDelegate.m */ = {isa = PBXFileReference; lastKnownFileType = sourcecode.c.objc; path = AppDelegate.m; sourceTree = "<group>"; };
		3A3D65881A68E05000F3F027 /* ViewController.h */ = {isa = PBXFileReference; lastKnownFileType = sourcecode.c.h; path = ViewController.h; sourceTree = "<group>"; };
		3A3D65891A68E05000F3F027 /* ViewController.m */ = {isa = PBXFileReference; lastKnownFileType = sourcecode.c.objc; path = ViewController.m; sourceTree = "<group>"; };
		3A3D658C1A68E05000F3F027 /* Base */ = {isa = PBXFileReference; lastKnownFileType = file.storyboard; name = Base; path = Base.lproj/Main.storyboard; sourceTree = "<group>"; };
		3A3D658E1A68E05000F3F027 /* Images.xcassets */ = {isa = PBXFileReference; lastKnownFileType = folder.assetcatalog; path = Images.xcassets; sourceTree = "<group>"; };
		3A3D65911A68E05000F3F027 /* Base */ = {isa = PBXFileReference; lastKnownFileType = file.xib; name = Base; path = Base.lproj/LaunchScreen.xib; sourceTree = "<group>"; };
		3A3D65971A68E05000F3F027 /* FirstTDDTests.xctest */ = {isa = PBXFileReference; explicitFileType = wrapper.cfbundle; includeInIndex = 0; path = FirstTDDTests.xctest; sourceTree = BUILT_PRODUCTS_DIR; };
		3A3D659C1A68E05000F3F027 /* Info.plist */ = {isa = PBXFileReference; lastKnownFileType = text.plist.xml; path = Info.plist; sourceTree = "<group>"; };
		3A3D659D1A68E05000F3F027 /* FirstTDDTests.m */ = {isa = PBXFileReference; lastKnownFileType = sourcecode.c.objc; path = FirstTDDTests.m; sourceTree = "<group>"; };
/* End PBXFileReference section */

/* Begin PBXFrameworksBuildPhase section */
		3A3D657B1A68E05000F3F027 /* Frameworks */ = {
			isa = PBXFrameworksBuildPhase;
			buildActionMask = 2147483647;
			files = (
			);
			runOnlyForDeploymentPostprocessing = 0;
		};
		3A3D65941A68E05000F3F027 /* Frameworks */ = {
			isa = PBXFrameworksBuildPhase;
			buildActionMask = 2147483647;
			files = (
			);
			runOnlyForDeploymentPostprocessing = 0;
		};
/* End PBXFrameworksBuildPhase section */

/* Begin PBXGroup section */
		3A3D65751A68E05000F3F027 = {
			isa = PBXGroup;
			children = (
				3A3D65801A68E05000F3F027 /* FirstTDD */,
				3A3D659A1A68E05000F3F027 /* FirstTDDTests */,
				3A3D657F1A68E05000F3F027 /* Products */,
			);
			sourceTree = "<group>";
		};
		3A3D657F1A68E05000F3F027 /* Products */ = {
			isa = PBXGroup;
			children = (
				3A3D657E1A68E05000F3F027 /* FirstTDD.app */,
				3A3D65971A68E05000F3F027 /* FirstTDDTests.xctest */,
			);
			name = Products;
			sourceTree = "<group>";
		};
		3A3D65801A68E05000F3F027 /* FirstTDD */ = {
			isa = PBXGroup;
			children = (
				3A3D65851A68E05000F3F027 /* AppDelegate.h */,
				3A3D65861A68E05000F3F027 /* AppDelegate.m */,
				3A3D65881A68E05000F3F027 /* ViewController.h */,
				3A3D65891A68E05000F3F027 /* ViewController.m */,
				3A3D658B1A68E05000F3F027 /* Main.storyboard */,
				3A3D658E1A68E05000F3F027 /* Images.xcassets */,
				3A3D65901A68E05000F3F027 /* LaunchScreen.xib */,
				3A3D65811A68E05000F3F027 /* Supporting Files */,
			);
			path = FirstTDD;
			sourceTree = "<group>";
		};
		3A3D65811A68E05000F3F027 /* Supporting Files */ = {
			isa = PBXGroup;
			children = (
				3A3D65821A68E05000F3F027 /* Info.plist */,
				3A3D65831A68E05000F3F027 /* main.m */,
			);
			name = "Supporting Files";
			sourceTree = "<group>";
		};
		3A3D659A1A68E05000F3F027 /* FirstTDDTests */ = {
			isa = PBXGroup;
			children = (
				3A3D659D1A68E05000F3F027 /* FirstTDDTests.m */,
				3A3D659B1A68E05000F3F027 /* Supporting Files */,
			);
			path = FirstTDDTests;
			sourceTree = "<group>";
		};
		3A3D659B1A68E05000F3F027 /* Supporting Files */ = {
			isa = PBXGroup;
			children = (
				3A3D659C1A68E05000F3F027 /* Info.plist */,
			);
			name = "Supporting Files";
			sourceTree = "<group>";
		};
/* End PBXGroup section */

/* Begin PBXNativeTarget section */
		3A3D657D1A68E05000F3F027 /* FirstTDD */ = {
			isa = PBXNativeTarget;
			buildConfigurationList = 3A3D65A11A68E05000F3F027 /* Build configuration list for PBXNativeTarget "FirstTDD" */;
			buildPhases = (
				3A3D657A1A68E05000F3F027 /* Sources */,
				3A3D657B1A68E05000F3F027 /* Frameworks */,
				3A3D657C1A68E05000F3F027 /* Resources */,
			);
			buildRules = (
			);
			dependencies = (
			);
			name = FirstTDD;
			productName = FirstTDD;
			productReference = 3A3D657E1A68E05000F3F027 /* FirstTDD.app */;
			productType = "com.apple.product-type.application";
		};
		3A3D65961A68E05000F3F027 /* FirstTDDTests */ = {
			isa = PBXNativeTarget;
			buildConfigurationList = 3A3D65A41A68E05000F3F027 /* Build configuration list for PBXNativeTarget "FirstTDDTests" */;
			buildPhases = (
				3A3D65931A68E05000F3F027 /* Sources */,
				3A3D65941A68E05000F3F027 /* Frameworks */,
				3A3D65951A68E05000F3F027 /* Resources */,
			);
			buildRules = (
			);
			dependencies = (
				3A3D65991A68E05000F3F027 /* PBXTargetDependency */,
			);
			name = FirstTDDTests;
			productName = FirstTDDTests;
			productReference = 3A3D65971A68E05000F3F027 /* FirstTDDTests.xctest */;
			productType = "com.apple.product-type.bundle.unit-test";
		};
/* End PBXNativeTarget section */

/* Begin PBXProject section */
		3A3D65761A68E05000F3F027 /* Project object */ = {
			isa = PBXProject;
			attributes = {
				LastUpgradeCheck = 0610;
				ORGANIZATIONNAME = asfanur;
				TargetAttributes = {
					3A3D657D1A68E05000F3F027 = {
						CreatedOnToolsVersion = 6.1.1;
					};
					3A3D65961A68E05000F3F027 = {
						CreatedOnToolsVersion = 6.1.1;
						TestTargetID = 3A3D657D1A68E05000F3F027;
					};
				};
			};
			buildConfigurationList = 3A3D65791A68E05000F3F027 /* Build configuration list for PBXProject "FirstTDD" */;
			compatibilityVersion = "Xcode 3.2";
			developmentRegion = English;
			hasScannedForEncodings = 0;
			knownRegions = (
				en,
				Base,
			);
			mainGroup = 3A3D65751A68E05000F3F027;
			productRefGroup = 3A3D657F1A68E05000F3F027 /* Products */;
			projectDirPath = "";
			projectRoot = "";
			targets = (
				3A3D657D1A68E05000F3F027 /* FirstTDD */,
				3A3D65961A68E05000F3F027 /* FirstTDDTests */,
			);
		};
/* End PBXProject section */

/* Begin PBXResourcesBuildPhase section */
		3A3D657C1A68E05000F3F027 /* Resources */ = {
			isa = PBXResourcesBuildPhase;
			buildActionMask = 2147483647;
			files = (
				3A3D658D1A68E05000F3F027 /* Main.storyboard in Resources */,
				3A3D65921A68E05000F3F027 /* LaunchScreen.xib in Resources */,
				3A3D658F1A68E05000F3F027 /* Images.xcassets in Resources */,
			);
			runOnlyForDeploymentPostprocessing = 0;
		};
		3A3D65951A68E05000F3F027 /* Resources */ = {
			isa = PBXResourcesBuildPhase;
			buildActionMask = 2147483647;
			files = (
			);
			runOnlyForDeploymentPostprocessing = 0;
		};
/* End PBXResourcesBuildPhase section */

/* Begin PBXSourcesBuildPhase section */
		3A3D657A1A68E05000F3F027 /* Sources */ = {
			isa = PBXSourcesBuildPhase;
			buildActionMask = 2147483647;
			files = (
				3A3D658A1A68E05000F3F027 /* ViewController.m in Sources */,
				3A3D65871A68E05000F3F027 /* AppDelegate.m in Sources */,
				3A3D65841A68E05000F3F027 /* main.m in Sources */,
			);
			runOnlyForDeploymentPostprocessing = 0;
		};
		3A3D65931A68E05000F3F027 /* Sources */ = {
			isa = PBXSourcesBuildPhase;
			buildActionMask = 2147483647;
			files = (
				3A3D659E1A68E05000F3F027 /* FirstTDDTests.m in Sources */,
			);
			runOnlyForDeploymentPostprocessing = 0;
		};
/* End PBXSourcesBuildPhase section */

/* Begin PBXTargetDependency section */
		3A3D65991A68E05000F3F027 /* PBXTargetDependency */ = {
			isa = PBXTargetDependency;
			target = 3A3D657D1A68E05000F3F027 /* FirstTDD */;
			targetProxy = 3A3D65981A68E05000F3F027 /* PBXContainerItemProxy */;
		};
/* End PBXTargetDependency section */

/* Begin PBXVariantGroup section */
		3A3D658B1A68E05000F3F027 /* Main.storyboard */ = {
			isa = PBXVariantGroup;
			children = (
				3A3D658C1A68E05000F3F027 /* Base */,
			);
			name = Main.storyboard;
			sourceTree = "<group>";
		};
		3A3D65901A68E05000F3F027 /* LaunchScreen.xib */ = {
			isa = PBXVariantGroup;
			children = (
				3A3D65911A68E05000F3F027 /* Base */,
			);
			name = LaunchScreen.xib;
			sourceTree = "<group>";
		};
/* End PBXVariantGroup section */

/* Begin XCBuildConfiguration section */
		3A3D659F1A68E05000F3F027 /* Debug */ = {
			isa = XCBuildConfiguration;
			buildSettings = {
				ALWAYS_SEARCH_USER_PATHS = NO;
				CLANG_CXX_LANGUAGE_STANDARD = "gnu++0x";
				CLANG_CXX_LIBRARY = "libc++";
				CLANG_ENABLE_MODULES = YES;
				CLANG_ENABLE_OBJC_ARC = YES;
				CLANG_WARN_BOOL_CONVERSION = YES;
				CLANG_WARN_CONSTANT_CONVERSION = YES;
				CLANG_WARN_DIRECT_OBJC_ISA_USAGE = YES_ERROR;
				CLANG_WARN_EMPTY_BODY = YES;
				CLANG_WARN_ENUM_CONVERSION = YES;
				CLANG_WARN_INT_CONVERSION = YES;
				CLANG_WARN_OBJC_ROOT_CLASS = YES_ERROR;
				CLANG_WARN_UNREACHABLE_CODE = YES;
				CLANG_WARN__DUPLICATE_METHOD_MATCH = YES;
				"CODE_SIGN_IDENTITY[sdk=iphoneos*]" = "iPhone Developer";
				COPY_PHASE_STRIP = NO;
				ENABLE_STRICT_OBJC_MSGSEND = YES;
				GCC_C_LANGUAGE_STANDARD = gnu99;
				GCC_DYNAMIC_NO_PIC = NO;
				GCC_OPTIMIZATION_LEVEL = 0;
				GCC_PREPROCESSOR_DEFINITIONS = (
					"DEBUG=1",
					"$(inherited)",
				);
				GCC_SYMBOLS_PRIVATE_EXTERN = NO;
				GCC_WARN_64_TO_32_BIT_CONVERSION = YES;
				GCC_WARN_ABOUT_RETURN_TYPE = YES_ERROR;
				GCC_WARN_UNDECLARED_SELECTOR = YES;
				GCC_WARN_UNINITIALIZED_AUTOS = YES_AGGRESSIVE;
				GCC_WARN_UNUSED_FUNCTION = YES;
				GCC_WARN_UNUSED_VARIABLE = YES;
				IPHONEOS_DEPLOYMENT_TARGET = 8.1;
				MTL_ENABLE_DEBUG_INFO = YES;
				ONLY_ACTIVE_ARCH = YES;
				SDKROOT = iphoneos;
				TARGETED_DEVICE_FAMILY = "1,2";
			};
			name = Debug;
		};
		3A3D65A01A68E05000F3F027 /* Release */ = {
			isa = XCBuildConfiguration;
			buildSettings = {
				ALWAYS_SEARCH_USER_PATHS = NO;
				CLANG_CXX_LANGUAGE_STANDARD = "gnu++0x";
				CLANG_CXX_LIBRARY = "libc++";
				CLANG_ENABLE_MODULES = YES;
				CLANG_ENABLE_OBJC_ARC = YES;
				CLANG_WARN_BOOL_CONVERSION = YES;
				CLANG_WARN_CONSTANT_CONVERSION = YES;
				CLANG_WARN_DIRECT_OBJC_ISA_USAGE = YES_ERROR;
				CLANG_WARN_EMPTY_BODY = YES;
				CLANG_WARN_ENUM_CONVERSION = YES;
				CLANG_WARN_INT_CONVERSION = YES;
				CLANG_WARN_OBJC_ROOT_CLASS = YES_ERROR;
				CLANG_WARN_UNREACHABLE_CODE = YES;
				CLANG_WARN__DUPLICATE_METHOD_MATCH = YES;
				"CODE_SIGN_IDENTITY[sdk=iphoneos*]" = "iPhone Developer";
				COPY_PHASE_STRIP = YES;
				ENABLE_NS_ASSERTIONS = NO;
				ENABLE_STRICT_OBJC_MSGSEND = YES;
				GCC_C_LANGUAGE_STANDARD = gnu99;
				GCC_WARN_64_TO_32_BIT_CONVERSION = YES;
				GCC_WARN_ABOUT_RETURN_TYPE = YES_ERROR;
				GCC_WARN_UNDECLARED_SELECTOR = YES;
				GCC_WARN_UNINITIALIZED_AUTOS = YES_AGGRESSIVE;
				GCC_WARN_UNUSED_FUNCTION = YES;
				GCC_WARN_UNUSED_VARIABLE = YES;
				IPHONEOS_DEPLOYMENT_TARGET = 8.1;
				MTL_ENABLE_DEBUG_INFO = NO;
				SDKROOT = iphoneos;
				TARGETED_DEVICE_FAMILY = "1,2";
				VALIDATE_PRODUCT = YES;
			};
			name = Release;
		};
		3A3D65A21A68E05000F3F027 /* Debug */ = {
			isa = XCBuildConfiguration;
			buildSettings = {
				ASSETCATALOG_COMPILER_APPICON_NAME = AppIcon;
				CODE_SIGN_IDENTITY = "iPhone Developer: Asfanur Arafin (Q2CM65B68J)";
				"CODE_SIGN_IDENTITY[sdk=iphoneos*]" = "iPhone Developer: Asfanur Arafin (Q2CM65B68J)";
				INFOPLIST_FILE = FirstTDD/Info.plist;
				LD_RUNPATH_SEARCH_PATHS = "$(inherited) @executable_path/Frameworks";
				PRODUCT_NAME = "$(TARGET_NAME)";
			};
			name = Debug;
		};
		3A3D65A31A68E05000F3F027 /* Release */ = {
			isa = XCBuildConfiguration;
			buildSettings = {
				ASSETCATALOG_COMPILER_APPICON_NAME = AppIcon;
				INFOPLIST_FILE = FirstTDD/Info.plist;
				LD_RUNPATH_SEARCH_PATHS = "$(inherited) @executable_path/Frameworks";
				PRODUCT_NAME = "$(TARGET_NAME)";
			};
			name = Release;
		};
		3A3D65A51A68E05000F3F027 /* Debug */ = {
			isa = XCBuildConfiguration;
			buildSettings = {
				BUNDLE_LOADER = "$(TEST_HOST)";
				FRAMEWORK_SEARCH_PATHS = (
					"$(SDKROOT)/Developer/Library/Frameworks",
					"$(inherited)",
				);
				GCC_PREPROCESSOR_DEFINITIONS = (
					"DEBUG=1",
					"$(inherited)",
				);
				INFOPLIST_FILE = FirstTDDTests/Info.plist;
				LD_RUNPATH_SEARCH_PATHS = "$(inherited) @executable_path/Frameworks @loader_path/Frameworks";
				PRODUCT_NAME = "$(TARGET_NAME)";
				TEST_HOST = "$(BUILT_PRODUCTS_DIR)/FirstTDD.app/FirstTDD";
			};
			name = Debug;
		};
		3A3D65A61A68E05000F3F027 /* Release */ = {
			isa = XCBuildConfiguration;
			buildSettings = {
				BUNDLE_LOADER = "$(TEST_HOST)";
				FRAMEWORK_SEARCH_PATHS = (
					"$(SDKROOT)/Developer/Library/Frameworks",
					"$(inherited)",
				);
				INFOPLIST_FILE = FirstTDDTests/Info.plist;
				LD_RUNPATH_SEARCH_PATHS = "$(inherited) @executable_path/Frameworks @loader_path/Frameworks";
				PRODUCT_NAME = "$(TARGET_NAME)";
				TEST_HOST = "$(BUILT_PRODUCTS_DIR)/FirstTDD.app/FirstTDD";
			};
			name = Release;
		};
/* End XCBuildConfiguration section */

/* Begin XCConfigurationList section */
		3A3D65791A68E05000F3F027 /* Build configuration list for PBXProject "FirstTDD" */ = {
			isa = XCConfigurationList;
			buildConfigurations = (
				3A3D659F1A68E05000F3F027 /* Debug */,
				3A3D65A01A68E05000F3F027 /* Release */,
			);
			defaultConfigurationIsVisible = 0;
			defaultConfigurationName = Release;
		};
		3A3D65A11A68E05000F3F027 /* Build configuration list for PBXNativeTarget "FirstTDD" */ = {
			isa = XCConfigurationList;
			buildConfigurations = (
				3A3D65A21A68E05000F3F027 /* Debug */,
				3A3D65A31A68E05000F3F027 /* Release */,
			);
			defaultConfigurationIsVisible = 0;
			defaultConfigurationName = Release;
		};
		3A3D65A41A68E05000F3F027 /* Build configuration list for PBXNativeTarget "FirstTDDTests" */ = {
			isa = XCConfigurationList;
			buildConfigurations = (
				3A3D65A51A68E05000F3F027 /* Debug */,
				3A3D65A61A68E05000F3F027 /* Release */,
			);
			defaultConfigurationIsVisible = 0;
			defaultConfigurationName = Release;
		};
/* End XCConfigurationList section */
	};
	rootObject = 3A3D65761A68E05000F3F027 /* Project object */;
}
